
Microsoft Visual Studio Solution File, Format Version 11.00
# Visual Studio 2010
Project("{8BC9CEB8-8B4A-11D0-8D11-00A0C91BC942}") = "Random Integer Array", "Random Integer Array\Random Integer Array.vcxproj", "{BE720AA0-2DA4-4EEA-B913-6BBD81EA2306}"
EndProject
Project("{2150E333-8FDC-42A3-9474-1A3956D46DE8}") = "Searching Algorithms", "Searching Algorithms", "{4C6C6DB7-452C-4E9C-BD7C-EA8F56642BB9}"
EndProject
Project("{8BC9CEB8-8B4A-11D0-8D11-00A0C91BC942}") = "Linear Search", "Linear Search\Linear Search.vcxproj", "{F85F2A07-409E-4C2D-AEF1-12425A284F3F}"
EndProject
Project("{8BC9CEB8-8B4A-11D0-8D11-00A0C91BC942}") = "Binary Search", "Binary Search\Binary Search.vcxproj", "{A7733366-4873-4643-9F51-1B961FFB9552}"
EndProject
Project("{2150E333-8FDC-42A3-9474-1A3956D46DE8}") = "Sorting Algorithms", "Sorting Algorithms", "{BECE7825-F387-4B34-8BA1-8BEC92EF3C93}"
EndProject
Project("{8BC9CEB8-8B4A-11D0-8D11-00A0C91BC942}") = "Insertion Sort", "InsertionSort\InsertionSort.vcxproj", "{F315B532-E594-4B2B-B2AD-7FAC21609A8C}"
EndProject
Project("{8BC9CEB8-8B4A-11D0-8D11-00A0C91BC942}") = "Binary Insertion Sort", "Binary Insertion Sort\Binary Insertion Sort.vcxproj", "{5AA2A90F-1A63-4DC9-AA77-A70B909B978E}"
EndProject
Project("{8BC9CEB8-8B4A-11D0-8D11-00A0C91BC942}") = "Interchange Sort", "Interchange Sort\Interchange Sort.vcxproj", "{2AD6D4B6-FF91-4570-B9C5-D3EE5CA23A9A}"
EndProject
Project("{8BC9CEB8-8B4A-11D0-8D11-00A0C91BC942}") = "Bubble Sort", "Bubble Sort\Bubble Sort.vcxproj", "{978AFE8D-2B0A-4093-AB9A-C04A38429D71}"
EndProject
Project("{8BC9CEB8-8B4A-11D0-8D11-00A0C91BC942}") = "Shaker Sort", "Shaker Sort\Shaker Sort.vcxproj", "{8BFADFFB-6BBD-4353-9ED8-39620B38A1F6}"
EndProject
Project("{8BC9CEB8-8B4A-11D0-8D11-00A0C91BC942}") = "Heap Sort", "Heap Sort\Heap Sort.vcxproj", "{CE52C1AB-06E8-4C07-8922-43B3D4BB04B5}"
EndProject
Project("{8BC9CEB8-8B4A-11D0-8D11-00A0C91BC942}") = "Selection Sort", "Selection Sort\Selection Sort.vcxproj", "{DCFB35E2-CB33-4D7A-AA57-C2C39BF4E410}"
EndProject
Project("{8BC9CEB8-8B4A-11D0-8D11-00A0C91BC942}") = "Shell Sort", "Shell Sort\Shell Sort.vcxproj", "{9A2FFEC2-260B-464E-8CD7-0C73422F722E}"
EndProject
Global
	GlobalSection(SolutionConfigurationPlatforms) = preSolution
		Debug|Win32 = Debug|Win32
		Release|Win32 = Release|Win32
	EndGlobalSection
	GlobalSection(ProjectConfigurationPlatforms) = postSolution
		{BE720AA0-2DA4-4EEA-B913-6BBD81EA2306}.Debug|Win32.ActiveCfg = Debug|Win32
		{BE720AA0-2DA4-4EEA-B913-6BBD81EA2306}.Debug|Win32.Build.0 = Debug|Win32
		{BE720AA0-2DA4-4EEA-B913-6BBD81EA2306}.Release|Win32.ActiveCfg = Release|Win32
		{BE720AA0-2DA4-4EEA-B913-6BBD81EA2306}.Release|Win32.Build.0 = Release|Win32
		{F85F2A07-409E-4C2D-AEF1-12425A284F3F}.Debug|Win32.ActiveCfg = Debug|Win32
		{F85F2A07-409E-4C2D-AEF1-12425A284F3F}.Debug|Win32.Build.0 = Debug|Win32
		{F85F2A07-409E-4C2D-AEF1-12425A284F3F}.Release|Win32.ActiveCfg = Release|Win32
		{F85F2A07-409E-4C2D-AEF1-12425A284F3F}.Release|Win32.Build.0 = Release|Win32
		{A7733366-4873-4643-9F51-1B961FFB9552}.Debug|Win32.ActiveCfg = Debug|Win32
		{A7733366-4873-4643-9F51-1B961FFB9552}.Debug|Win32.Build.0 = Debug|Win32
		{A7733366-4873-4643-9F51-1B961FFB9552}.Release|Win32.ActiveCfg = Release|Win32
		{A7733366-4873-4643-9F51-1B961FFB9552}.Release|Win32.Build.0 = Release|Win32
		{F315B532-E594-4B2B-B2AD-7FAC21609A8C}.Debug|Win32.ActiveCfg = Debug|Win32
		{F315B532-E594-4B2B-B2AD-7FAC21609A8C}.Debug|Win32.Build.0 = Debug|Win32
		{F315B532-E594-4B2B-B2AD-7FAC21609A8C}.Release|Win32.ActiveCfg = Release|Win32
		{F315B532-E594-4B2B-B2AD-7FAC21609A8C}.Release|Win32.Build.0 = Release|Win32
		{5AA2A90F-1A63-4DC9-AA77-A70B909B978E}.Debug|Win32.ActiveCfg = Debug|Win32
		{5AA2A90F-1A63-4DC9-AA77-A70B909B978E}.Debug|Win32.Build.0 = Debug|Win32
		{5AA2A90F-1A63-4DC9-AA77-A70B909B978E}.Release|Win32.ActiveCfg = Release|Win32
		{5AA2A90F-1A63-4DC9-AA77-A70B909B978E}.Release|Win32.Build.0 = Release|Win32
		{2AD6D4B6-FF91-4570-B9C5-D3EE5CA23A9A}.Debug|Win32.ActiveCfg = Debug|Win32
		{2AD6D4B6-FF91-4570-B9C5-D3EE5CA23A9A}.Debug|Win32.Build.0 = Debug|Win32
		{2AD6D4B6-FF91-4570-B9C5-D3EE5CA23A9A}.Release|Win32.ActiveCfg = Release|Win32
		{2AD6D4B6-FF91-4570-B9C5-D3EE5CA23A9A}.Release|Win32.Build.0 = Release|Win32
		{978AFE8D-2B0A-4093-AB9A-C04A38429D71}.Debug|Win32.ActiveCfg = Debug|Win32
		{978AFE8D-2B0A-4093-AB9A-C04A38429D71}.Debug|Win32.Build.0 = Debug|Win32
		{978AFE8D-2B0A-4093-AB9A-C04A38429D71}.Release|Win32.ActiveCfg = Release|Win32
		{978AFE8D-2B0A-4093-AB9A-C04A38429D71}.Release|Win32.Build.0 = Release|Win32
		{8BFADFFB-6BBD-4353-9ED8-39620B38A1F6}.Debug|Win32.ActiveCfg = Debug|Win32
		{8BFADFFB-6BBD-4353-9ED8-39620B38A1F6}.Debug|Win32.Build.0 = Debug|Win32
		{8BFADFFB-6BBD-4353-9ED8-39620B38A1F6}.Release|Win32.ActiveCfg = Release|Win32
		{8BFADFFB-6BBD-4353-9ED8-39620B38A1F6}.Release|Win32.Build.0 = Release|Win32
		{CE52C1AB-06E8-4C07-8922-43B3D4BB04B5}.Debug|Win32.ActiveCfg = Debug|Win32
		{CE52C1AB-06E8-4C07-8922-43B3D4BB04B5}.Debug|Win32.Build.0 = Debug|Win32
		{CE52C1AB-06E8-4C07-8922-43B3D4BB04B5}.Release|Win32.ActiveCfg = Release|Win32
		{CE52C1AB-06E8-4C07-8922-43B3D4BB04B5}.Release|Win32.Build.0 = Release|Win32
		{DCFB35E2-CB33-4D7A-AA57-C2C39BF4E410}.Debug|Win32.ActiveCfg = Debug|Win32
		{DCFB35E2-CB33-4D7A-AA57-C2C39BF4E410}.Debug|Win32.Build.0 = Debug|Win32
		{DCFB35E2-CB33-4D7A-AA57-C2C39BF4E410}.Release|Win32.ActiveCfg = Release|Win32
		{DCFB35E2-CB33-4D7A-AA57-C2C39BF4E410}.Release|Win32.Build.0 = Release|Win32
		{9A2FFEC2-260B-464E-8CD7-0C73422F722E}.Debug|Win32.ActiveCfg = Debug|Win32
		{9A2FFEC2-260B-464E-8CD7-0C73422F722E}.Debug|Win32.Build.0 = Debug|Win32
		{9A2FFEC2-260B-464E-8CD7-0C73422F722E}.Release|Win32.ActiveCfg = Release|Win32
		{9A2FFEC2-260B-464E-8CD7-0C73422F722E}.Release|Win32.Build.0 = Release|Win32
	EndGlobalSection
	GlobalSection(SolutionProperties) = preSolution
		HideSolutionNode = FALSE
	EndGlobalSection
	GlobalSection(NestedProjects) = preSolution
		{F85F2A07-409E-4C2D-AEF1-12425A284F3F} = {4C6C6DB7-452C-4E9C-BD7C-EA8F56642BB9}
		{A7733366-4873-4643-9F51-1B961FFB9552} = {4C6C6DB7-452C-4E9C-BD7C-EA8F56642BB9}
		{F315B532-E594-4B2B-B2AD-7FAC21609A8C} = {BECE7825-F387-4B34-8BA1-8BEC92EF3C93}
		{5AA2A90F-1A63-4DC9-AA77-A70B909B978E} = {BECE7825-F387-4B34-8BA1-8BEC92EF3C93}
		{2AD6D4B6-FF91-4570-B9C5-D3EE5CA23A9A} = {BECE7825-F387-4B34-8BA1-8BEC92EF3C93}
		{978AFE8D-2B0A-4093-AB9A-C04A38429D71} = {BECE7825-F387-4B34-8BA1-8BEC92EF3C93}
		{8BFADFFB-6BBD-4353-9ED8-39620B38A1F6} = {BECE7825-F387-4B34-8BA1-8BEC92EF3C93}
		{CE52C1AB-06E8-4C07-8922-43B3D4BB04B5} = {BECE7825-F387-4B34-8BA1-8BEC92EF3C93}
		{DCFB35E2-CB33-4D7A-AA57-C2C39BF4E410} = {BECE7825-F387-4B34-8BA1-8BEC92EF3C93}
		{9A2FFEC2-260B-464E-8CD7-0C73422F722E} = {BECE7825-F387-4B34-8BA1-8BEC92EF3C93}
	EndGlobalSection
EndGlobal
